bou.ke/monkey v1.0.1 h1:zEMLInw9xvNakzUUPjfS4Ds6jYPqCFx3m7bRmG5NH2U=
bou.ke/monkey v1.0.1/go.mod h1:FgHuK96Rv2Nlf+0u1OOVDpCMdsWyOFmeeketDHE7LIg=
github.com/otiai10/cwl.go v0.1.0 h1:+SCLIWpxcZ9SfafLEofi4vOaJyB/NyWC3Vo20SOufa4=
github.com/otiai10/cwl.go v0.1.0/go.mod h1:amFCPFwr7/+EPJ6ttb6djUu2HsStG6abogUpU21XqDo=
github.com/otiai10/jsonindent v0.0.0-20171116142732-447bf004320b h1:JGcPciE6TK8hKJO/M9desprAwpoNbvNMmRfTbPOhLWY=
github.com/otiai10/jsonindent v0.0.0-20171116142732-447bf004320b/go.mod h1:SXIpH2WO0dyF5YBc6Iq8jc8TEJYe1Fk2Rc1EVYUdIgY=
github.com/otiai10/mint v1.2.3 h1:PsrRBmrxR68kyNu6YlqYHbNlItc5vOkuS6LBEsNttVA=
github.com/otiai10/mint v1.2.3/go.mod h1:YnfyPNhBvnY8bW4SGQHCs/aAFhkgySlMZbrF5U0bOVw=
github.com/otiai10/yaml2json v0.0.0-20170911100845-ddc967a37458 h1:1sqsE/mbRWKfIP3mOjFoTutwnveJ9X+FEYVA4Oiq3o4=
github.com/otiai10/yaml2json v0.0.0-20170911100845-ddc967a37458/go.mod h1:DYOW1Uh+GJfIk15t2TDG/FqGePbgpUH33lT3ST/ddIQ=
github.com/robertkrimen/otto v0.0.0-20180617131154-15f95af6e78d h1:1VUlQbCfkoSGv7qP7Y+ro3ap1P1pPZxgdGVqiTVy5C4=
github.com/robertkrimen/otto v0.0.0-20180617131154-15f95af6e78d/go.mod h1:xvqspoSXJTIpemEonrMDFq6XzwHYYgToXWj5eRX1OtY=
github.com/urfave/cli v1.20.0 h1:fDqGv3UG/4jbVl/QkFwEdddtEDjh/5Ov6X+0B/3bPaw=
github.com/urfave/cli v1.20.0/go.mod h1:70zkFmudgCuE/ngEzBv17Jvp/497gISqfk5gWijbERA=
gopkg.in/check.v1 v0.0.0-20161208181325-20d25e280405/go.mod h1:Co6ibVJAznAaIkqp8huTwlJQCZ016jof/cbN4VW5Yz0=
gopkg.in/sourcemap.v1 v1.0.5 h1:inv58fC9f9J3TK2Y2R1NPntXEn3/wjWHkonhIUODNTI=
gopkg.in/sourcemap.v1 v1.0.5/go.mod h1:2RlvNNSMglmRrcvhfuzp4hQHwOtjxlbjX7UPY/GXb78=
gopkg.in/yaml.v2 v2.2.2 h1:ZCJp+EgiOT7lHqUV2J862kp8Qj64Jo6az82+3Td9dZw=
gopkg.in/yaml.v2 v2.2.2/go.mod h1:hI93XBmqTisBFMUTm0b8Fm+jr3Dg1NNxqwp+5A1VGuI=
